<?xml version="1.0" encoding="utf-8"?>
<Project ToolsVersion="4.0" xmlns="http://schemas.microsoft.com/developer/msbuild/2003">
  <ItemGroup>
    <Filter Include="Source Files">
      <UniqueIdentifier>{4FC737F1-C7A5-4376-A066-2A32D752A2FF}</UniqueIdentifier>
      <Extensions>cpp;c;cc;cxx;def;odl;idl;hpj;bat;asm;asmx</Extensions>
    </Filter>
    <Filter Include="Header Files">
      <UniqueIdentifier>{93995380-89BD-4b04-88EB-625FBE52EBFB}</UniqueIdentifier>
      <Extensions>h;hpp;hxx;hm;inl;inc;xsd</Extensions>
    </Filter>
    <Filter Include="Resource Files">
      <UniqueIdentifier>{67DA6AB6-F800-4c08-8B7A-83BB121AAD01}</UniqueIdentifier>
      <Extensions>rc;ico;cur;bmp;dlg;rc2;rct;bin;rgs;gif;jpg;jpeg;jpe;resx;tiff;tif;png;wav;mfcribbon-ms</Extensions>
    </Filter>
    <Filter Include="Shaders Files">
      <UniqueIdentifier>{7a38483d-0f5a-46e1-a5ed-4e9b2a368f79}</UniqueIdentifier>
      <Extensions>glsl</Extensions>
    </Filter>
    <Filter Include="Mesh Files">
      <UniqueIdentifier>{dfc0d080-d8ab-474b-bbdb-72b0d2f80edd}</UniqueIdentifier>
      <Extensions>obj;mtl</Extensions>
      <ParseFiles>false</ParseFiles>
    </Filter>
  </ItemGroup>
  <ItemGroup>
    <ClCompile Include="..\src\main.cpp">
      <Filter>Source Files</Filter>
    </ClCompile>
    <ClCompile Include="..\src\Shader.cpp">
      <Filter>Source Files</Filter>
    </ClCompile>
    <ClCompile Include="..\src\Mesh.cpp">
      <Filter>Source Files</Filter>
    </ClCompile>
    <ClCompile Include="..\src\Grid.cpp">
      <Filter>Source Files</Filter>
    </ClCompile>
    <ClCompile Include="..\src\Camera.cpp">
      <Filter>Source Files</Filter>
    </ClCompile>
    <ClCompile Include="..\src\SceneGraph.cpp">
      <Filter>Source Files</Filter>
    </ClCompile>
    <ClCompile Include="..\src\Sidebar.cpp">
      <Filter>Source Files</Filter>
    </ClCompile>
  </ItemGroup>
  <ItemGroup>
    <None Include="..\src\shaders\VertexShader.glsl">
      <Filter>Shaders Files</Filter>
    </None>
    <None Include="..\src\shaders\FragmentShader.glsl">
      <Filter>Shaders Files</Filter>
    </None>
    <None Include="..\src\shaders\ReflectionXShader.glsl">
      <Filter>Shaders Files</Filter>
    </None>
    <None Include="..\src\shaders\ReflectionZShader.glsl">
      <Filter>Shaders Files</Filter>
    </None>
    <None Include="..\src\shaders\ReflectionOShader.glsl">
      <Filter>Shaders Files</Filter>
    </None>
    <None Include="..\src\shaders\SimpleFragmentShader.glsl">
      <Filter>Shaders Files</Filter>
    </None>
    <None Include="..\src\shaders\SimpleVertexShader.glsl">
      <Filter>Shaders Files</Filter>
    </None>
  </ItemGroup>
  <ItemGroup>
    <ClInclude Include="..\src\Shader.h">
      <Filter>Header Files</Filter>
    </ClInclude>
    <ClInclude Include="..\src\Utils.h">
      <Filter>Header Files</Filter>
    </ClInclude>
    <ClInclude Include="..\src\Mesh.h">
      <Filter>Header Files</Filter>
    </ClInclude>
    <ClInclude Include="..\src\Grid.h">
      <Filter>Header Files</Filter>
    </ClInclude>
    <ClInclude Include="..\src\Camera.h">
      <Filter>Header Files</Filter>
    </ClInclude>
    <ClInclude Include="..\src\SceneGraph.h">
      <Filter>Header Files</Filter>
    </ClInclude>
    <ClInclude Include="..\src\Sidebar.h">
      <Filter>Header Files</Filter>
    </ClInclude>
  </ItemGroup>
  <ItemGroup>
    <Object Include="..\src\meshes\monkey.obj">
      <Filter>Mesh Files</Filter>
    </Object>
    <Object Include="..\src\meshes\cube.obj">
      <Filter>Mesh Files</Filter>
    </Object>
    <Object Include="..\src\meshes\halfPrism.obj">
      <Filter>Mesh Files</Filter>
    </Object>
    <Object Include="..\src\meshes\prism.obj">
      <Filter>Mesh Files</Filter>
    </Object>
    <Object Include="..\src\meshes\halfCube.obj">
      <Filter>Mesh Files</Filter>
    </Object>
    <Object Include="..\src\meshes\quarterCube.obj">
      <Filter>Mesh Files</Filter>
    </Object>
  </ItemGroup>
</Project>